
Microsoft Visual Studio Solution File, Format Version 12.00
# Visual Studio Version 17
VisualStudioVersion = 17.4.33213.308
MinimumVisualStudioVersion = 10.0.40219.1
Project("{FAE04EC0-301F-11D3-BF4B-00C04F79EFBC}") = "AAA-ASP.net core web API", "AAA-ASP.net core web API.csproj", "{3AA7071E-73BD-418A-8A68-0E1C09645DA6}"
EndProject
Global
	GlobalSection(SolutionConfigurationPlatforms) = preSolution
		Debug|Any CPU = Debug|Any CPU
		Release|Any CPU = Release|Any CPU
	EndGlobalSection
	GlobalSection(ProjectConfigurationPlatforms) = postSolution
		{3AA7071E-73BD-418A-8A68-0E1C09645DA6}.Debug|Any CPU.ActiveCfg = Debug|Any CPU
		{3AA7071E-73BD-418A-8A68-0E1C09645DA6}.Debug|Any CPU.Build.0 = Debug|Any CPU
		{3AA7071E-73BD-418A-8A68-0E1C09645DA6}.Release|Any CPU.ActiveCfg = Release|Any CPU
		{3AA7071E-73BD-418A-8A68-0E1C09645DA6}.Release|Any CPU.Build.0 = Release|Any CPU
	EndGlobalSection
	GlobalSection(SolutionProperties) = preSolution
		HideSolutionNode = FALSE
	EndGlobalSection
	GlobalSection(ExtensibilityGlobals) = postSolution
		SolutionGuid = {A955B775-6571-4646-AC3E-5AFAD9D9DF0E}
	EndGlobalSection
EndGlobal
